
Microsoft Visual Studio Solution File, Format Version 12.00
# Visual Studio Version 17
VisualStudioVersion = 17.14.36915.13 d17.14
MinimumVisualStudioVersion = 10.0.40219.1
Project("{FAE04EC0-301F-11D3-BF4B-00C04F79EFBC}") = "Login_signin_page", "Login_signin_page.csproj", "{B8C93693-77C7-4129-99B3-03CDF1234846}"
EndProject
Global
	GlobalSection(SolutionConfigurationPlatforms) = preSolution
		Debug|Any CPU = Debug|Any CPU
		Release|Any CPU = Release|Any CPU
	EndGlobalSection
	GlobalSection(ProjectConfigurationPlatforms) = postSolution
		{B8C93693-77C7-4129-99B3-03CDF1234846}.Debug|Any CPU.ActiveCfg = Debug|Any CPU
		{B8C93693-77C7-4129-99B3-03CDF1234846}.Debug|Any CPU.Build.0 = Debug|Any CPU
		{B8C93693-77C7-4129-99B3-03CDF1234846}.Release|Any CPU.ActiveCfg = Release|Any CPU
		{B8C93693-77C7-4129-99B3-03CDF1234846}.Release|Any CPU.Build.0 = Release|Any CPU
	EndGlobalSection
	GlobalSection(SolutionProperties) = preSolution
		HideSolutionNode = FALSE
	EndGlobalSection
	GlobalSection(ExtensibilityGlobals) = postSolution
		SolutionGuid = {4473BF27-F407-4517-B70A-32EDC2A5B8C1}
	EndGlobalSection
EndGlobal
